// !$*UTF8*$!
{
	archiveVersion = 1;
	classes = {
	};
	objectVersion = 46;
	objects = {

/* Begin PBXBuildFile section */
		2C92BF5BE4D74750262CF980 /* Pods_SnapTagsViewTests.framework in Frameworks */ = {isa = PBXBuildFile; fileRef = 55C4B7F9EA052F6BB13D4EC3 /* Pods_SnapTagsViewTests.framework */; };
		850FC5091C453F5200E1F75D /* SnapTagsView.h in Headers */ = {isa = PBXBuildFile; fileRef = 850FC5081C453F5200E1F75D /* SnapTagsView.h */; settings = {ATTRIBUTES = (Public, ); }; };
		850FC5101C453F5200E1F75D /* SnapTagsView.framework in Frameworks */ = {isa = PBXBuildFile; fileRef = 850FC5051C453F5200E1F75D /* SnapTagsView.framework */; };
		850FC5151C453F5200E1F75D /* SnapTagsViewTests.swift in Sources */ = {isa = PBXBuildFile; fileRef = 850FC5141C453F5200E1F75D /* SnapTagsViewTests.swift */; };
		850FC5261C453F7700E1F75D /* AppDelegate.swift in Sources */ = {isa = PBXBuildFile; fileRef = 850FC5251C453F7700E1F75D /* AppDelegate.swift */; };
		850FC5281C453F7700E1F75D /* ViewController.swift in Sources */ = {isa = PBXBuildFile; fileRef = 850FC5271C453F7700E1F75D /* ViewController.swift */; };
		850FC52B1C453F7800E1F75D /* Main.storyboard in Resources */ = {isa = PBXBuildFile; fileRef = 850FC5291C453F7800E1F75D /* Main.storyboard */; };
		850FC52D1C453F7800E1F75D /* Assets.xcassets in Resources */ = {isa = PBXBuildFile; fileRef = 850FC52C1C453F7800E1F75D /* Assets.xcassets */; };
		850FC5301C453F7800E1F75D /* LaunchScreen.storyboard in Resources */ = {isa = PBXBuildFile; fileRef = 850FC52E1C453F7800E1F75D /* LaunchScreen.storyboard */; };
		854494EE1C6094D8006489E8 /* SnapTagCell.swift in Sources */ = {isa = PBXBuildFile; fileRef = 854494ED1C6094D8006489E8 /* SnapTagCell.swift */; };
		854494F01C609570006489E8 /* SnapTagCell.xib in Resources */ = {isa = PBXBuildFile; fileRef = 854494EF1C609570006489E8 /* SnapTagCell.xib */; };
		854494F21C60A589006489E8 /* SnapTagsCollectionViewController.swift in Sources */ = {isa = PBXBuildFile; fileRef = 854494F11C60A589006489E8 /* SnapTagsCollectionViewController.swift */; };
		854494F41C60A5F4006489E8 /* SnapTagRepresentation.swift in Sources */ = {isa = PBXBuildFile; fileRef = 854494F31C60A5F4006489E8 /* SnapTagRepresentation.swift */; };
		854494F61C61F156006489E8 /* SnapTextSizer.swift in Sources */ = {isa = PBXBuildFile; fileRef = 854494F51C61F156006489E8 /* SnapTextSizer.swift */; };
		85572C491C49A5A00003BE70 /* SnapTagsButtonDelegate.swift in Sources */ = {isa = PBXBuildFile; fileRef = 85572C431C49A5A00003BE70 /* SnapTagsButtonDelegate.swift */; };
		85572C4A1C49A5A00003BE70 /* TagsBarButtonDelegate.swift in Sources */ = {isa = PBXBuildFile; fileRef = 85572C441C49A5A00003BE70 /* TagsBarButtonDelegate.swift */; };
		85572C4B1C49A5A00003BE70 /* TagsBarViewDelegate.swift in Sources */ = {isa = PBXBuildFile; fileRef = 85572C451C49A5A00003BE70 /* TagsBarViewDelegate.swift */; };
		85572C4C1C49A5A00003BE70 /* TagsSearchAutocompleteViewDelegate.swift in Sources */ = {isa = PBXBuildFile; fileRef = 85572C461C49A5A00003BE70 /* TagsSearchAutocompleteViewDelegate.swift */; };
		85572C4D1C49A5A00003BE70 /* TagsSearchBarDelegate.swift in Sources */ = {isa = PBXBuildFile; fileRef = 85572C471C49A5A00003BE70 /* TagsSearchBarDelegate.swift */; };
		85572C4E1C49A5A00003BE70 /* GlobalHelpers.swift in Sources */ = {isa = PBXBuildFile; fileRef = 85572C481C49A5A00003BE70 /* GlobalHelpers.swift */; };
		85572C511C49A6860003BE70 /* Localizable.strings in Resources */ = {isa = PBXBuildFile; fileRef = 85572C531C49A6860003BE70 /* Localizable.strings */; };
		85572C561C49A8380003BE70 /* DefaultImages.xcassets in Resources */ = {isa = PBXBuildFile; fileRef = 85572C551C49A8380003BE70 /* DefaultImages.xcassets */; };
		85572C591C49A90D0003BE70 /* ImageConstants.swift in Sources */ = {isa = PBXBuildFile; fileRef = 85572C571C49A90D0003BE70 /* ImageConstants.swift */; };
		85572C5A1C49A90D0003BE70 /* LocalizedStrings.swift in Sources */ = {isa = PBXBuildFile; fileRef = 85572C581C49A90D0003BE70 /* LocalizedStrings.swift */; };
		85572C5C1C49AA0F0003BE70 /* UIColor+roseColor.swift in Sources */ = {isa = PBXBuildFile; fileRef = 85572C5B1C49AA0F0003BE70 /* UIColor+roseColor.swift */; };
		85572C5E1C49AAEF0003BE70 /* SystemDelegate.swift in Sources */ = {isa = PBXBuildFile; fileRef = 85572C5D1C49AAEF0003BE70 /* SystemDelegate.swift */; };
		857D431A1C6222D1009316C8 /* KTCenterFlowLayoutFix.swift in Sources */ = {isa = PBXBuildFile; fileRef = 857D43181C622078009316C8 /* KTCenterFlowLayoutFix.swift */; };
		85A96DCF1C5FA28800B73619 /* UIFont+GothamRnd.swift in Sources */ = {isa = PBXBuildFile; fileRef = 85A96DCE1C5FA28800B73619 /* UIFont+GothamRnd.swift */; };
		85B9A5781C63A1CC000F4C62 /* GlobalHelper.swift in Sources */ = {isa = PBXBuildFile; fileRef = 85B9A5771C63A1CC000F4C62 /* GlobalHelper.swift */; };
		85C771331C5FD85000B18A02 /* OnOffButtonConfiguration.swift in Sources */ = {isa = PBXBuildFile; fileRef = 85C771321C5FD85000B18A02 /* OnOffButtonConfiguration.swift */; };
		85C771351C5FEB6400B18A02 /* GothamRnd-Bold.otf in Resources */ = {isa = PBXBuildFile; fileRef = 85A96DC61C5FA1C000B73619 /* GothamRnd-Bold.otf */; };
		85C771361C5FEB6400B18A02 /* GothamRnd-BoldIta.otf in Resources */ = {isa = PBXBuildFile; fileRef = 85A96DC71C5FA1C000B73619 /* GothamRnd-BoldIta.otf */; };
		85C771371C5FEB6400B18A02 /* GothamRnd-Book.otf in Resources */ = {isa = PBXBuildFile; fileRef = 85A96DC81C5FA1C000B73619 /* GothamRnd-Book.otf */; };
		85C771381C5FEB6400B18A02 /* GothamRnd-BookIta.otf in Resources */ = {isa = PBXBuildFile; fileRef = 85A96DC91C5FA1C000B73619 /* GothamRnd-BookIta.otf */; };
		85C771391C5FEB6400B18A02 /* GothamRnd-MedIta.otf in Resources */ = {isa = PBXBuildFile; fileRef = 85A96DCC1C5FA1C000B73619 /* GothamRnd-MedIta.otf */; };
		85C7713A1C5FEB6400B18A02 /* GothamRnd-Medium.otf in Resources */ = {isa = PBXBuildFile; fileRef = 85A96DCD1C5FA1C000B73619 /* GothamRnd-Medium.otf */; };
		85C7713B1C5FEB6500B18A02 /* GothamRnd-Bold.otf in Resources */ = {isa = PBXBuildFile; fileRef = 85A96DC61C5FA1C000B73619 /* GothamRnd-Bold.otf */; };
		85C7713C1C5FEB6500B18A02 /* GothamRnd-BoldIta.otf in Resources */ = {isa = PBXBuildFile; fileRef = 85A96DC71C5FA1C000B73619 /* GothamRnd-BoldIta.otf */; };
		85C7713D1C5FEB6500B18A02 /* GothamRnd-Book.otf in Resources */ = {isa = PBXBuildFile; fileRef = 85A96DC81C5FA1C000B73619 /* GothamRnd-Book.otf */; };
		85C7713E1C5FEB6500B18A02 /* GothamRnd-BookIta.otf in Resources */ = {isa = PBXBuildFile; fileRef = 85A96DC91C5FA1C000B73619 /* GothamRnd-BookIta.otf */; };
		85C7713F1C5FEB6500B18A02 /* GothamRnd-MedIta.otf in Resources */ = {isa = PBXBuildFile; fileRef = 85A96DCC1C5FA1C000B73619 /* GothamRnd-MedIta.otf */; };
		85C771401C5FEB6500B18A02 /* GothamRnd-Medium.otf in Resources */ = {isa = PBXBuildFile; fileRef = 85A96DCD1C5FA1C000B73619 /* GothamRnd-Medium.otf */; };
		85D9BA301C4991C700B18895 /* SnapTagButtonConfiguration.swift in Sources */ = {isa = PBXBuildFile; fileRef = 85D9BA2F1C4991C700B18895 /* SnapTagButtonConfiguration.swift */; };
		85D9BA321C4992F300B18895 /* UISearchBar+internalViews.swift in Sources */ = {isa = PBXBuildFile; fileRef = 85D9BA311C4992F300B18895 /* UISearchBar+internalViews.swift */; };
		85D9BA341C49995C00B18895 /* SnapTagsViewConfiguration.swift in Sources */ = {isa = PBXBuildFile; fileRef = 85D9BA331C49995C00B18895 /* SnapTagsViewConfiguration.swift */; };
		85D9BA371C4A3EF800B18895 /* SnapTagsView.framework in Frameworks */ = {isa = PBXBuildFile; fileRef = 850FC5051C453F5200E1F75D /* SnapTagsView.framework */; };
		85D9BA381C4AC7B000B18895 /* DefaultImages.xcassets in Resources */ = {isa = PBXBuildFile; fileRef = 85572C551C49A8380003BE70 /* DefaultImages.xcassets */; };
		C846B9C633A7966F828E8605 /* Pods_SnapTagsView.framework in Frameworks */ = {isa = PBXBuildFile; fileRef = 14E573470640F582F2D8C7D8 /* Pods_SnapTagsView.framework */; };
/* End PBXBuildFile section */

/* Begin PBXContainerItemProxy section */
		850FC5111C453F5200E1F75D /* PBXContainerItemProxy */ = {
			isa = PBXContainerItemProxy;
			containerPortal = 850FC4FC1C453F5200E1F75D /* Project object */;
			proxyType = 1;
			remoteGlobalIDString = 850FC5041C453F5200E1F75D;
			remoteInfo = SnapTagsView;
		};
		85D9BA351C4A3EEC00B18895 /* PBXContainerItemProxy */ = {
			isa = PBXContainerItemProxy;
			containerPortal = 850FC4FC1C453F5200E1F75D /* Project object */;
			proxyType = 1;
			remoteGlobalIDString = 850FC5041C453F5200E1F75D;
			remoteInfo = SnapTagsView;
		};
/* End PBXContainerItemProxy section */

/* Begin PBXFileReference section */
		14E573470640F582F2D8C7D8 /* Pods_SnapTagsView.framework */ = {isa = PBXFileReference; explicitFileType = wrapper.framework; includeInIndex = 0; path = Pods_SnapTagsView.framework; sourceTree = BUILT_PRODUCTS_DIR; };
		55C4B7F9EA052F6BB13D4EC3 /* Pods_SnapTagsViewTests.framework */ = {isa = PBXFileReference; explicitFileType = wrapper.framework; includeInIndex = 0; path = Pods_SnapTagsViewTests.framework; sourceTree = BUILT_PRODUCTS_DIR; };
		562F7EEEEF14114A83C5D0F7 /* Pods-SnapTagsViewTests.debug.xcconfig */ = {isa = PBXFileReference; includeInIndex = 1; lastKnownFileType = text.xcconfig; name = "Pods-SnapTagsViewTests.debug.xcconfig"; path = "Pods/Target Support Files/Pods-SnapTagsViewTests/Pods-SnapTagsViewTests.debug.xcconfig"; sourceTree = "<group>"; };
		5B80C358BC507F3F953E0879 /* Pods_Example.framework */ = {isa = PBXFileReference; explicitFileType = wrapper.framework; includeInIndex = 0; path = Pods_Example.framework; sourceTree = BUILT_PRODUCTS_DIR; };
		771DBC4DF57810C2A5C98628 /* Pods-SnapTagsViewTests.release.xcconfig */ = {isa = PBXFileReference; includeInIndex = 1; lastKnownFileType = text.xcconfig; name = "Pods-SnapTagsViewTests.release.xcconfig"; path = "Pods/Target Support Files/Pods-SnapTagsViewTests/Pods-SnapTagsViewTests.release.xcconfig"; sourceTree = "<group>"; };
		850FC5051C453F5200E1F75D /* SnapTagsView.framework */ = {isa = PBXFileReference; explicitFileType = wrapper.framework; includeInIndex = 0; path = SnapTagsView.framework; sourceTree = BUILT_PRODUCTS_DIR; };
		850FC5081C453F5200E1F75D /* SnapTagsView.h */ = {isa = PBXFileReference; lastKnownFileType = sourcecode.c.h; path = SnapTagsView.h; sourceTree = "<group>"; };
		850FC50A1C453F5200E1F75D /* Info.plist */ = {isa = PBXFileReference; lastKnownFileType = text.plist.xml; path = Info.plist; sourceTree = "<group>"; };
		850FC50F1C453F5200E1F75D /* SnapTagsViewTests.xctest */ = {isa = PBXFileReference; explicitFileType = wrapper.cfbundle; includeInIndex = 0; path = SnapTagsViewTests.xctest; sourceTree = BUILT_PRODUCTS_DIR; };
		850FC5141C453F5200E1F75D /* SnapTagsViewTests.swift */ = {isa = PBXFileReference; lastKnownFileType = sourcecode.swift; path = SnapTagsViewTests.swift; sourceTree = "<group>"; };
		850FC5161C453F5200E1F75D /* Info.plist */ = {isa = PBXFileReference; lastKnownFileType = text.plist.xml; path = Info.plist; sourceTree = "<group>"; };
		850FC5231C453F7700E1F75D /* Example.app */ = {isa = PBXFileReference; explicitFileType = wrapper.application; includeInIndex = 0; path = Example.app; sourceTree = BUILT_PRODUCTS_DIR; };
		850FC5251C453F7700E1F75D /* AppDelegate.swift */ = {isa = PBXFileReference; lastKnownFileType = sourcecode.swift; path = AppDelegate.swift; sourceTree = "<group>"; };
		850FC5271C453F7700E1F75D /* ViewController.swift */ = {isa = PBXFileReference; lastKnownFileType = sourcecode.swift; path = ViewController.swift; sourceTree = "<group>"; };
		850FC52A1C453F7800E1F75D /* Base */ = {isa = PBXFileReference; lastKnownFileType = file.storyboard; name = Base; path = Base.lproj/Main.storyboard; sourceTree = "<group>"; };
		850FC52C1C453F7800E1F75D /* Assets.xcassets */ = {isa = PBXFileReference; lastKnownFileType = folder.assetcatalog; path = Assets.xcassets; sourceTree = "<group>"; };
		850FC52F1C453F7800E1F75D /* Base */ = {isa = PBXFileReference; lastKnownFileType = file.storyboard; name = Base; path = Base.lproj/LaunchScreen.storyboard; sourceTree = "<group>"; };
		850FC5311C453F7800E1F75D /* Info.plist */ = {isa = PBXFileReference; lastKnownFileType = text.plist.xml; path = Info.plist; sourceTree = "<group>"; };
		850FC5371C45472D00E1F75D /* TagsView.swift */ = {isa = PBXFileReference; fileEncoding = 4; lastKnownFileType = sourcecode.swift; path = TagsView.swift; sourceTree = "<group>"; };
		850FC5381C45472D00E1F75D /* TagsBarView.swift */ = {isa = PBXFileReference; fileEncoding = 4; lastKnownFileType = sourcecode.swift; path = TagsBarView.swift; sourceTree = "<group>"; };
		850FC5391C45472D00E1F75D /* TagsBarButton.swift */ = {isa = PBXFileReference; fileEncoding = 4; lastKnownFileType = sourcecode.swift; path = TagsBarButton.swift; sourceTree = "<group>"; };
		850FC53A1C45472D00E1F75D /* TagsSearchBar.swift */ = {isa = PBXFileReference; fileEncoding = 4; lastKnownFileType = sourcecode.swift; path = TagsSearchBar.swift; sourceTree = "<group>"; };
		850FC53F1C45498700E1F75D /* TagsButton.swift */ = {isa = PBXFileReference; fileEncoding = 4; lastKnownFileType = sourcecode.swift; path = TagsButton.swift; sourceTree = "<group>"; };
		854494ED1C6094D8006489E8 /* SnapTagCell.swift */ = {isa = PBXFileReference; fileEncoding = 4; lastKnownFileType = sourcecode.swift; path = SnapTagCell.swift; sourceTree = "<group>"; };
		854494EF1C609570006489E8 /* SnapTagCell.xib */ = {isa = PBXFileReference; fileEncoding = 4; lastKnownFileType = file.xib; path = SnapTagCell.xib; sourceTree = "<group>"; };
		854494F11C60A589006489E8 /* SnapTagsCollectionViewController.swift */ = {isa = PBXFileReference; fileEncoding = 4; lastKnownFileType = sourcecode.swift; path = SnapTagsCollectionViewController.swift; sourceTree = "<group>"; };
		854494F31C60A5F4006489E8 /* SnapTagRepresentation.swift */ = {isa = PBXFileReference; fileEncoding = 4; lastKnownFileType = sourcecode.swift; path = SnapTagRepresentation.swift; sourceTree = "<group>"; };
		854494F51C61F156006489E8 /* SnapTextSizer.swift */ = {isa = PBXFileReference; fileEncoding = 4; lastKnownFileType = sourcecode.swift; path = SnapTextSizer.swift; sourceTree = "<group>"; };
		85572C431C49A5A00003BE70 /* SnapTagsButtonDelegate.swift */ = {isa = PBXFileReference; fileEncoding = 4; lastKnownFileType = sourcecode.swift; path = SnapTagsButtonDelegate.swift; sourceTree = "<group>"; };
		85572C441C49A5A00003BE70 /* TagsBarButtonDelegate.swift */ = {isa = PBXFileReference; fileEncoding = 4; lastKnownFileType = sourcecode.swift; path = TagsBarButtonDelegate.swift; sourceTree = "<group>"; };
		85572C451C49A5A00003BE70 /* TagsBarViewDelegate.swift */ = {isa = PBXFileReference; fileEncoding = 4; lastKnownFileType = sourcecode.swift; path = TagsBarViewDelegate.swift; sourceTree = "<group>"; };
		85572C461C49A5A00003BE70 /* TagsSearchAutocompleteViewDelegate.swift */ = {isa = PBXFileReference; fileEncoding = 4; lastKnownFileType = sourcecode.swift; path = TagsSearchAutocompleteViewDelegate.swift; sourceTree = "<group>"; };
		85572C471C49A5A00003BE70 /* TagsSearchBarDelegate.swift */ = {isa = PBXFileReference; fileEncoding = 4; lastKnownFileType = sourcecode.swift; path = TagsSearchBarDelegate.swift; sourceTree = "<group>"; };
		85572C481C49A5A00003BE70 /* GlobalHelpers.swift */ = {isa = PBXFileReference; fileEncoding = 4; lastKnownFileType = sourcecode.swift; path = GlobalHelpers.swift; sourceTree = "<group>"; };
		85572C521C49A6860003BE70 /* Base */ = {isa = PBXFileReference; lastKnownFileType = text.plist.strings; name = Base; path = Base.lproj/Localizable.strings; sourceTree = "<group>"; };
		85572C541C49A6B20003BE70 /* en */ = {isa = PBXFileReference; lastKnownFileType = text.plist.strings; name = en; path = en.lproj/Localizable.strings; sourceTree = "<group>"; };
		85572C551C49A8380003BE70 /* DefaultImages.xcassets */ = {isa = PBXFileReference; lastKnownFileType = folder.assetcatalog; path = DefaultImages.xcassets; sourceTree = "<group>"; };
		85572C571C49A90D0003BE70 /* ImageConstants.swift */ = {isa = PBXFileReference; fileEncoding = 4; lastKnownFileType = sourcecode.swift; path = ImageConstants.swift; sourceTree = "<group>"; };
		85572C581C49A90D0003BE70 /* LocalizedStrings.swift */ = {isa = PBXFileReference; fileEncoding = 4; lastKnownFileType = sourcecode.swift; path = LocalizedStrings.swift; sourceTree = "<group>"; };
		85572C5B1C49AA0F0003BE70 /* UIColor+roseColor.swift */ = {isa = PBXFileReference; fileEncoding = 4; lastKnownFileType = sourcecode.swift; path = "UIColor+roseColor.swift"; sourceTree = "<group>"; };
		85572C5D1C49AAEF0003BE70 /* SystemDelegate.swift */ = {isa = PBXFileReference; fileEncoding = 4; lastKnownFileType = sourcecode.swift; path = SystemDelegate.swift; sourceTree = "<group>"; };
		857D43181C622078009316C8 /* KTCenterFlowLayoutFix.swift */ = {isa = PBXFileReference; fileEncoding = 4; lastKnownFileType = sourcecode.swift; path = KTCenterFlowLayoutFix.swift; sourceTree = "<group>"; };
		85A96DC61C5FA1C000B73619 /* GothamRnd-Bold.otf */ = {isa = PBXFileReference; lastKnownFileType = file; name = "GothamRnd-Bold.otf"; path = "Fonts/GothamRnd-Bold.otf"; sourceTree = SOURCE_ROOT; };
		85A96DC71C5FA1C000B73619 /* GothamRnd-BoldIta.otf */ = {isa = PBXFileReference; lastKnownFileType = file; name = "GothamRnd-BoldIta.otf"; path = "Fonts/GothamRnd-BoldIta.otf"; sourceTree = SOURCE_ROOT; };
		85A96DC81C5FA1C000B73619 /* GothamRnd-Book.otf */ = {isa = PBXFileReference; lastKnownFileType = file; name = "GothamRnd-Book.otf"; path = "Fonts/GothamRnd-Book.otf"; sourceTree = SOURCE_ROOT; };
		85A96DC91C5FA1C000B73619 /* GothamRnd-BookIta.otf */ = {isa = PBXFileReference; lastKnownFileType = file; name = "GothamRnd-BookIta.otf"; path = "Fonts/GothamRnd-BookIta.otf"; sourceTree = SOURCE_ROOT; };
		85A96DCC1C5FA1C000B73619 /* GothamRnd-MedIta.otf */ = {isa = PBXFileReference; lastKnownFileType = file; name = "GothamRnd-MedIta.otf"; path = "Fonts/GothamRnd-MedIta.otf"; sourceTree = SOURCE_ROOT; };
		85A96DCD1C5FA1C000B73619 /* GothamRnd-Medium.otf */ = {isa = PBXFileReference; lastKnownFileType = file; name = "GothamRnd-Medium.otf"; path = "Fonts/GothamRnd-Medium.otf"; sourceTree = SOURCE_ROOT; };
		85A96DCE1C5FA28800B73619 /* UIFont+GothamRnd.swift */ = {isa = PBXFileReference; fileEncoding = 4; lastKnownFileType = sourcecode.swift; path = "UIFont+GothamRnd.swift"; sourceTree = "<group>"; };
		85B9A5771C63A1CC000F4C62 /* GlobalHelper.swift */ = {isa = PBXFileReference; fileEncoding = 4; lastKnownFileType = sourcecode.swift; path = GlobalHelper.swift; sourceTree = "<group>"; };
		85C771321C5FD85000B18A02 /* OnOffButtonConfiguration.swift */ = {isa = PBXFileReference; fileEncoding = 4; lastKnownFileType = sourcecode.swift; path = OnOffButtonConfiguration.swift; sourceTree = "<group>"; };
		85D9BA2F1C4991C700B18895 /* SnapTagButtonConfiguration.swift */ = {isa = PBXFileReference; fileEncoding = 4; lastKnownFileType = sourcecode.swift; path = SnapTagButtonConfiguration.swift; sourceTree = "<group>"; };
		85D9BA311C4992F300B18895 /* UISearchBar+internalViews.swift */ = {isa = PBXFileReference; fileEncoding = 4; lastKnownFileType = sourcecode.swift; path = "UISearchBar+internalViews.swift"; sourceTree = "<group>"; };
		85D9BA331C49995C00B18895 /* SnapTagsViewConfiguration.swift */ = {isa = PBXFileReference; fileEncoding = 4; lastKnownFileType = sourcecode.swift; path = SnapTagsViewConfiguration.swift; sourceTree = "<group>"; };
		AA4A08874CBC7A1E7CD3FA19 /* Pods-SnapTagsView.release.xcconfig */ = {isa = PBXFileReference; includeInIndex = 1; lastKnownFileType = text.xcconfig; name = "Pods-SnapTagsView.release.xcconfig"; path = "Pods/Target Support Files/Pods-SnapTagsView/Pods-SnapTagsView.release.xcconfig"; sourceTree = "<group>"; };
		ADDE32E06D1C7928212A4C76 /* Pods-SnapTagsView.debug.xcconfig */ = {isa = PBXFileReference; includeInIndex = 1; lastKnownFileType = text.xcconfig; name = "Pods-SnapTagsView.debug.xcconfig"; path = "Pods/Target Support Files/Pods-SnapTagsView/Pods-SnapTagsView.debug.xcconfig"; sourceTree = "<group>"; };
		C064C84DA8E616C6834C0FA8 /* Pods-Example.release.xcconfig */ = {isa = PBXFileReference; includeInIndex = 1; lastKnownFileType = text.xcconfig; name = "Pods-Example.release.xcconfig"; path = "Pods/Target Support Files/Pods-Example/Pods-Example.release.xcconfig"; sourceTree = "<group>"; };
		D5AC5BD68EC0C15200F91549 /* Pods-Example.debug.xcconfig */ = {isa = PBXFileReference; includeInIndex = 1; lastKnownFileType = text.xcconfig; name = "Pods-Example.debug.xcconfig"; path = "Pods/Target Support Files/Pods-Example/Pods-Example.debug.xcconfig"; sourceTree = "<group>"; };
/* End PBXFileReference section */

/* Begin PBXFrameworksBuildPhase section */
		850FC5011C453F5200E1F75D /* Frameworks */ = {
			isa = PBXFrameworksBuildPhase;
			buildActionMask = 2147483647;
			files = (
				C846B9C633A7966F828E8605 /* Pods_SnapTagsView.framework in Frameworks */,
			);
			runOnlyForDeploymentPostprocessing = 0;
		};
		850FC50C1C453F5200E1F75D /* Frameworks */ = {
			isa = PBXFrameworksBuildPhase;
			buildActionMask = 2147483647;
			files = (
				850FC5101C453F5200E1F75D /* SnapTagsView.framework in Frameworks */,
				2C92BF5BE4D74750262CF980 /* Pods_SnapTagsViewTests.framework in Frameworks */,
			);
			runOnlyForDeploymentPostprocessing = 0;
		};
		850FC5201C453F7700E1F75D /* Frameworks */ = {
			isa = PBXFrameworksBuildPhase;
			buildActionMask = 2147483647;
			files = (
				85D9BA371C4A3EF800B18895 /* SnapTagsView.framework in Frameworks */,
			);
			runOnlyForDeploymentPostprocessing = 0;
		};
/* End PBXFrameworksBuildPhase section */

/* Begin PBXGroup section */
		6E1CF6DD8033E6075E43E5CC /* Frameworks */ = {
			isa = PBXGroup;
			children = (
				14E573470640F582F2D8C7D8 /* Pods_SnapTagsView.framework */,
				5B80C358BC507F3F953E0879 /* Pods_Example.framework */,
				55C4B7F9EA052F6BB13D4EC3 /* Pods_SnapTagsViewTests.framework */,
			);
			name = Frameworks;
			sourceTree = "<group>";
		};
		850FC4FB1C453F5200E1F75D = {
			isa = PBXGroup;
			children = (
				850FC5071C453F5200E1F75D /* SnapTagsView */,
				850FC5131C453F5200E1F75D /* SnapTagsViewTests */,
				850FC5241C453F7700E1F75D /* Example */,
				850FC5061C453F5200E1F75D /* Products */,
				CA143C1A735A94E393E0A65D /* Pods */,
				6E1CF6DD8033E6075E43E5CC /* Frameworks */,
			);
			sourceTree = "<group>";
		};
		850FC5061C453F5200E1F75D /* Products */ = {
			isa = PBXGroup;
			children = (
				850FC5051C453F5200E1F75D /* SnapTagsView.framework */,
				850FC50F1C453F5200E1F75D /* SnapTagsViewTests.xctest */,
				850FC5231C453F7700E1F75D /* Example.app */,
			);
			name = Products;
			sourceTree = "<group>";
		};
		850FC5071C453F5200E1F75D /* SnapTagsView */ = {
			isa = PBXGroup;
			children = (
				85A96DC51C5FA1A600B73619 /* Fonts */,
				854494EC1C6094B3006489E8 /* CollectionView Implementation */,
				850FC5081C453F5200E1F75D /* SnapTagsView.h */,
				85D9BA331C49995C00B18895 /* SnapTagsViewConfiguration.swift */,
				85D9BA2F1C4991C700B18895 /* SnapTagButtonConfiguration.swift */,
				85C771321C5FD85000B18A02 /* OnOffButtonConfiguration.swift */,
				85572C5D1C49AAEF0003BE70 /* SystemDelegate.swift */,
				85572C441C49A5A00003BE70 /* TagsBarButtonDelegate.swift */,
				85572C451C49A5A00003BE70 /* TagsBarViewDelegate.swift */,
				85572C461C49A5A00003BE70 /* TagsSearchAutocompleteViewDelegate.swift */,
				85572C471C49A5A00003BE70 /* TagsSearchBarDelegate.swift */,
				85572C481C49A5A00003BE70 /* GlobalHelpers.swift */,
				850FC5371C45472D00E1F75D /* TagsView.swift */,
				850FC5381C45472D00E1F75D /* TagsBarView.swift */,
				850FC5391C45472D00E1F75D /* TagsBarButton.swift */,
				850FC53A1C45472D00E1F75D /* TagsSearchBar.swift */,
				850FC53F1C45498700E1F75D /* TagsButton.swift */,
				85D9BA311C4992F300B18895 /* UISearchBar+internalViews.swift */,
				85572C5B1C49AA0F0003BE70 /* UIColor+roseColor.swift */,
				85572C571C49A90D0003BE70 /* ImageConstants.swift */,
				85572C581C49A90D0003BE70 /* LocalizedStrings.swift */,
				850FC50A1C453F5200E1F75D /* Info.plist */,
				85572C531C49A6860003BE70 /* Localizable.strings */,
				85572C551C49A8380003BE70 /* DefaultImages.xcassets */,
			);
			path = SnapTagsView;
			sourceTree = "<group>";
		};
		850FC5131C453F5200E1F75D /* SnapTagsViewTests */ = {
			isa = PBXGroup;
			children = (
				850FC5141C453F5200E1F75D /* SnapTagsViewTests.swift */,
				850FC5161C453F5200E1F75D /* Info.plist */,
			);
			path = SnapTagsViewTests;
			sourceTree = "<group>";
		};
		850FC5241C453F7700E1F75D /* Example */ = {
			isa = PBXGroup;
			children = (
				850FC5251C453F7700E1F75D /* AppDelegate.swift */,
				850FC5271C453F7700E1F75D /* ViewController.swift */,
				850FC5291C453F7800E1F75D /* Main.storyboard */,
				850FC52C1C453F7800E1F75D /* Assets.xcassets */,
				850FC52E1C453F7800E1F75D /* LaunchScreen.storyboard */,
				850FC5311C453F7800E1F75D /* Info.plist */,
				85B9A5771C63A1CC000F4C62 /* GlobalHelper.swift */,
			);
			path = Example;
			sourceTree = "<group>";
		};
		854494EC1C6094B3006489E8 /* CollectionView Implementation */ = {
			isa = PBXGroup;
			children = (
				854494ED1C6094D8006489E8 /* SnapTagCell.swift */,
				854494EF1C609570006489E8 /* SnapTagCell.xib */,
				854494F11C60A589006489E8 /* SnapTagsCollectionViewController.swift */,
				854494F31C60A5F4006489E8 /* SnapTagRepresentation.swift */,
				85572C431C49A5A00003BE70 /* SnapTagsButtonDelegate.swift */,
				854494F51C61F156006489E8 /* SnapTextSizer.swift */,
				857D43181C622078009316C8 /* KTCenterFlowLayoutFix.swift */,
			);
			name = "CollectionView Implementation";
			sourceTree = "<group>";
		};
		85A96DC51C5FA1A600B73619 /* Fonts */ = {
			isa = PBXGroup;
			children = (
				85A96DC61C5FA1C000B73619 /* GothamRnd-Bold.otf */,
				85A96DC71C5FA1C000B73619 /* GothamRnd-BoldIta.otf */,
				85A96DC81C5FA1C000B73619 /* GothamRnd-Book.otf */,
				85A96DC91C5FA1C000B73619 /* GothamRnd-BookIta.otf */,
				85A96DCC1C5FA1C000B73619 /* GothamRnd-MedIta.otf */,
				85A96DCD1C5FA1C000B73619 /* GothamRnd-Medium.otf */,
				85A96DCE1C5FA28800B73619 /* UIFont+GothamRnd.swift */,
			);
			name = Fonts;
			sourceTree = "<group>";
		};
		CA143C1A735A94E393E0A65D /* Pods */ = {
			isa = PBXGroup;
			children = (
				ADDE32E06D1C7928212A4C76 /* Pods-SnapTagsView.debug.xcconfig */,
				AA4A08874CBC7A1E7CD3FA19 /* Pods-SnapTagsView.release.xcconfig */,
				D5AC5BD68EC0C15200F91549 /* Pods-Example.debug.xcconfig */,
				C064C84DA8E616C6834C0FA8 /* Pods-Example.release.xcconfig */,
				562F7EEEEF14114A83C5D0F7 /* Pods-SnapTagsViewTests.debug.xcconfig */,
				771DBC4DF57810C2A5C98628 /* Pods-SnapTagsViewTests.release.xcconfig */,
			);
			name = Pods;
			sourceTree = "<group>";
		};
/* End PBXGroup section */

/* Begin PBXHeadersBuildPhase section */
		850FC5021C453F5200E1F75D /* Headers */ = {
			isa = PBXHeadersBuildPhase;
			buildActionMask = 2147483647;
			files = (
				850FC5091C453F5200E1F75D /* SnapTagsView.h in Headers */,
			);
			runOnlyForDeploymentPostprocessing = 0;
		};
/* End PBXHeadersBuildPhase section */

/* Begin PBXNativeTarget section */
		850FC5041C453F5200E1F75D /* SnapTagsView */ = {
			isa = PBXNativeTarget;
			buildConfigurationList = 850FC5191C453F5200E1F75D /* Build configuration list for PBXNativeTarget "SnapTagsView" */;
			buildPhases = (
				24453DCF000653595AEB84F1 /* Check Pods Manifest.lock */,
				850FC5001C453F5200E1F75D /* Sources */,
				850FC5011C453F5200E1F75D /* Frameworks */,
				850FC5021C453F5200E1F75D /* Headers */,
				850FC5031C453F5200E1F75D /* Resources */,
				0C7782D29F74B4966E9DA852 /* Copy Pods Resources */,
			);
			buildRules = (
			);
			dependencies = (
			);
			name = SnapTagsView;
			productName = SnapTagsView;
			productReference = 850FC5051C453F5200E1F75D /* SnapTagsView.framework */;
			productType = "com.apple.product-type.framework";
		};
		850FC50E1C453F5200E1F75D /* SnapTagsViewTests */ = {
			isa = PBXNativeTarget;
			buildConfigurationList = 850FC51C1C453F5200E1F75D /* Build configuration list for PBXNativeTarget "SnapTagsViewTests" */;
			buildPhases = (
				21FA48A994D40BB24076B1C9 /* Check Pods Manifest.lock */,
				850FC50B1C453F5200E1F75D /* Sources */,
				850FC50C1C453F5200E1F75D /* Frameworks */,
				850FC50D1C453F5200E1F75D /* Resources */,
				E22898D363510336AB9F4ADB /* Embed Pods Frameworks */,
				4ADBC6909E2FEF9DE52E5902 /* Copy Pods Resources */,
			);
			buildRules = (
			);
			dependencies = (
				850FC5121C453F5200E1F75D /* PBXTargetDependency */,
			);
			name = SnapTagsViewTests;
			productName = SnapTagsViewTests;
			productReference = 850FC50F1C453F5200E1F75D /* SnapTagsViewTests.xctest */;
			productType = "com.apple.product-type.bundle.unit-test";
		};
		850FC5221C453F7700E1F75D /* Example */ = {
			isa = PBXNativeTarget;
			buildConfigurationList = 850FC5321C453F7800E1F75D /* Build configuration list for PBXNativeTarget "Example" */;
			buildPhases = (
				850FC51F1C453F7700E1F75D /* Sources */,
				850FC5201C453F7700E1F75D /* Frameworks */,
				850FC5211C453F7700E1F75D /* Resources */,
			);
			buildRules = (
			);
			dependencies = (
				85D9BA361C4A3EEC00B18895 /* PBXTargetDependency */,
			);
			name = Example;
			productName = Example;
			productReference = 850FC5231C453F7700E1F75D /* Example.app */;
			productType = "com.apple.product-type.application";
		};
/* End PBXNativeTarget section */

/* Begin PBXProject section */
		850FC4FC1C453F5200E1F75D /* Project object */ = {
			isa = PBXProject;
			attributes = {
				LastSwiftUpdateCheck = 0730;
				LastUpgradeCheck = 0720;
				ORGANIZATIONNAME = Snapsale;
				TargetAttributes = {
					850FC5041C453F5200E1F75D = {
						CreatedOnToolsVersion = 7.2;
					};
					850FC50E1C453F5200E1F75D = {
						CreatedOnToolsVersion = 7.2;
					};
					850FC5221C453F7700E1F75D = {
						CreatedOnToolsVersion = 7.2;
					};
				};
			};
			buildConfigurationList = 850FC4FF1C453F5200E1F75D /* Build configuration list for PBXProject "SnapTagsView" */;
			compatibilityVersion = "Xcode 3.2";
			developmentRegion = English;
			hasScannedForEncodings = 0;
			knownRegions = (
				en,
				Base,
			);
			mainGroup = 850FC4FB1C453F5200E1F75D;
			productRefGroup = 850FC5061C453F5200E1F75D /* Products */;
			projectDirPath = "";
			projectRoot = "";
			targets = (
				850FC5041C453F5200E1F75D /* SnapTagsView */,
				850FC50E1C453F5200E1F75D /* SnapTagsViewTests */,
				850FC5221C453F7700E1F75D /* Example */,
			);
		};
/* End PBXProject section */

/* Begin PBXResourcesBuildPhase section */
		850FC5031C453F5200E1F75D /* Resources */ = {
			isa = PBXResourcesBuildPhase;
			buildActionMask = 2147483647;
			files = (
				854494F01C609570006489E8 /* SnapTagCell.xib in Resources */,
				85C771381C5FEB6400B18A02 /* GothamRnd-BookIta.otf in Resources */,
				85C771361C5FEB6400B18A02 /* GothamRnd-BoldIta.otf in Resources */,
				85572C511C49A6860003BE70 /* Localizable.strings in Resources */,
				85C771351C5FEB6400B18A02 /* GothamRnd-Bold.otf in Resources */,
				85C771391C5FEB6400B18A02 /* GothamRnd-MedIta.otf in Resources */,
				85C7713A1C5FEB6400B18A02 /* GothamRnd-Medium.otf in Resources */,
				85C771371C5FEB6400B18A02 /* GothamRnd-Book.otf in Resources */,
				85572C561C49A8380003BE70 /* DefaultImages.xcassets in Resources */,
			);
			runOnlyForDeploymentPostprocessing = 0;
		};
		850FC50D1C453F5200E1F75D /* Resources */ = {
			isa = PBXResourcesBuildPhase;
			buildActionMask = 2147483647;
			files = (
			);
			runOnlyForDeploymentPostprocessing = 0;
		};
		850FC5211C453F7700E1F75D /* Resources */ = {
			isa = PBXResourcesBuildPhase;
			buildActionMask = 2147483647;
			files = (
				850FC5301C453F7800E1F75D /* LaunchScreen.storyboard in Resources */,
				85D9BA381C4AC7B000B18895 /* DefaultImages.xcassets in Resources */,
				850FC52D1C453F7800E1F75D /* Assets.xcassets in Resources */,
				85C771401C5FEB6500B18A02 /* GothamRnd-Medium.otf in Resources */,
				85C7713B1C5FEB6500B18A02 /* GothamRnd-Bold.otf in Resources */,
				85C7713D1C5FEB6500B18A02 /* GothamRnd-Book.otf in Resources */,
				85C7713C1C5FEB6500B18A02 /* GothamRnd-BoldIta.otf in Resources */,
				85C7713F1C5FEB6500B18A02 /* GothamRnd-MedIta.otf in Resources */,
				85C7713E1C5FEB6500B18A02 /* GothamRnd-BookIta.otf in Resources */,
				850FC52B1C453F7800E1F75D /* Main.storyboard in Resources */,
			);
			runOnlyForDeploymentPostprocessing = 0;
		};
/* End PBXResourcesBuildPhase section */

/* Begin PBXShellScriptBuildPhase section */
		0C7782D29F74B4966E9DA852 /* Copy Pods Resources */ = {
			isa = PBXShellScriptBuildPhase;
			buildActionMask = 2147483647;
			files = (
			);
			inputPaths = (
			);
			name = "Copy Pods Resources";
			outputPaths = (
			);
			runOnlyForDeploymentPostprocessing = 0;
			shellPath = /bin/sh;
			shellScript = "\"${SRCROOT}/Pods/Target Support Files/Pods-SnapTagsView/Pods-SnapTagsView-resources.sh\"\n";
			showEnvVarsInLog = 0;
		};
		21FA48A994D40BB24076B1C9 /* Check Pods Manifest.lock */ = {
			isa = PBXShellScriptBuildPhase;
			buildActionMask = 2147483647;
			files = (
			);
			inputPaths = (
			);
			name = "Check Pods Manifest.lock";
			outputPaths = (
			);
			runOnlyForDeploymentPostprocessing = 0;
			shellPath = /bin/sh;
			shellScript = "diff \"${PODS_ROOT}/../Podfile.lock\" \"${PODS_ROOT}/Manifest.lock\" > /dev/null\nif [[ $? != 0 ]] ; then\n    cat << EOM\nerror: The sandbox is not in sync with the Podfile.lock. Run 'pod install' or update your CocoaPods installation.\nEOM\n    exit 1\nfi\n";
			showEnvVarsInLog = 0;
		};
		24453DCF000653595AEB84F1 /* Check Pods Manifest.lock */ = {
			isa = PBXShellScriptBuildPhase;
			buildActionMask = 2147483647;
			files = (
			);
			inputPaths = (
			);
			name = "Check Pods Manifest.lock";
			outputPaths = (
			);
			runOnlyForDeploymentPostprocessing = 0;
			shellPath = /bin/sh;
			shellScript = "diff \"${PODS_ROOT}/../Podfile.lock\" \"${PODS_ROOT}/Manifest.lock\" > /dev/null\nif [[ $? != 0 ]] ; then\n    cat << EOM\nerror: The sandbox is not in sync with the Podfile.lock. Run 'pod install' or update your CocoaPods installation.\nEOM\n    exit 1\nfi\n";
			showEnvVarsInLog = 0;
		};
		4ADBC6909E2FEF9DE52E5902 /* Copy Pods Resources */ = {
			isa = PBXShellScriptBuildPhase;
			buildActionMask = 2147483647;
			files = (
			);
			inputPaths = (
			);
			name = "Copy Pods Resources";
			outputPaths = (
			);
			runOnlyForDeploymentPostprocessing = 0;
			shellPath = /bin/sh;
			shellScript = "\"${SRCROOT}/Pods/Target Support Files/Pods-SnapTagsViewTests/Pods-SnapTagsViewTests-resources.sh\"\n";
			showEnvVarsInLog = 0;
		};
		E22898D363510336AB9F4ADB /* Embed Pods Frameworks */ = {
			isa = PBXShellScriptBuildPhase;
			buildActionMask = 2147483647;
			files = (
			);
			inputPaths = (
			);
			name = "Embed Pods Frameworks";
			outputPaths = (
			);
			runOnlyForDeploymentPostprocessing = 0;
			shellPath = /bin/sh;
			shellScript = "\"${SRCROOT}/Pods/Target Support Files/Pods-SnapTagsViewTests/Pods-SnapTagsViewTests-frameworks.sh\"\n";
			showEnvVarsInLog = 0;
		};
/* End PBXShellScriptBuildPhase section */

/* Begin PBXSourcesBuildPhase section */
		850FC5001C453F5200E1F75D /* Sources */ = {
			isa = PBXSourcesBuildPhase;
			buildActionMask = 2147483647;
			files = (
				85572C4C1C49A5A00003BE70 /* TagsSearchAutocompleteViewDelegate.swift in Sources */,
				85D9BA321C4992F300B18895 /* UISearchBar+internalViews.swift in Sources */,
				85572C4B1C49A5A00003BE70 /* TagsBarViewDelegate.swift in Sources */,
				85572C4D1C49A5A00003BE70 /* TagsSearchBarDelegate.swift in Sources */,
				85572C5A1C49A90D0003BE70 /* LocalizedStrings.swift in Sources */,
				854494F21C60A589006489E8 /* SnapTagsCollectionViewController.swift in Sources */,
				854494EE1C6094D8006489E8 /* SnapTagCell.swift in Sources */,
				85572C4A1C49A5A00003BE70 /* TagsBarButtonDelegate.swift in Sources */,
				854494F41C60A5F4006489E8 /* SnapTagRepresentation.swift in Sources */,
				85572C4E1C49A5A00003BE70 /* GlobalHelpers.swift in Sources */,
				85572C591C49A90D0003BE70 /* ImageConstants.swift in Sources */,
				85D9BA301C4991C700B18895 /* SnapTagButtonConfiguration.swift in Sources */,
				85572C5C1C49AA0F0003BE70 /* UIColor+roseColor.swift in Sources */,
				85A96DCF1C5FA28800B73619 /* UIFont+GothamRnd.swift in Sources */,
				85D9BA341C49995C00B18895 /* SnapTagsViewConfiguration.swift in Sources */,
				85572C491C49A5A00003BE70 /* SnapTagsButtonDelegate.swift in Sources */,
				854494F61C61F156006489E8 /* SnapTextSizer.swift in Sources */,
				85572C5E1C49AAEF0003BE70 /* SystemDelegate.swift in Sources */,
				85C771331C5FD85000B18A02 /* OnOffButtonConfiguration.swift in Sources */,
				857D431A1C6222D1009316C8 /* KTCenterFlowLayoutFix.swift in Sources */,
			);
			runOnlyForDeploymentPostprocessing = 0;
		};
		850FC50B1C453F5200E1F75D /* Sources */ = {
			isa = PBXSourcesBuildPhase;
			buildActionMask = 2147483647;
			files = (
				850FC5151C453F5200E1F75D /* SnapTagsViewTests.swift in Sources */,
			);
			runOnlyForDeploymentPostprocessing = 0;
		};
		850FC51F1C453F7700E1F75D /* Sources */ = {
			isa = PBXSourcesBuildPhase;
			buildActionMask = 2147483647;
			files = (
				85B9A5781C63A1CC000F4C62 /* GlobalHelper.swift in Sources */,
				850FC5281C453F7700E1F75D /* ViewController.swift in Sources */,
				850FC5261C453F7700E1F75D /* AppDelegate.swift in Sources */,
			);
			runOnlyForDeploymentPostprocessing = 0;
		};
/* End PBXSourcesBuildPhase section */

/* Begin PBXTargetDependency section */
		850FC5121C453F5200E1F75D /* PBXTargetDependency */ = {
			isa = PBXTargetDependency;
			target = 850FC5041C453F5200E1F75D /* SnapTagsView */;
			targetProxy = 850FC5111C453F5200E1F75D /* PBXContainerItemProxy */;
		};
		85D9BA361C4A3EEC00B18895 /* PBXTargetDependency */ = {
			isa = PBXTargetDependency;
			target = 850FC5041C453F5200E1F75D /* SnapTagsView */;
			targetProxy = 85D9BA351C4A3EEC00B18895 /* PBXContainerItemProxy */;
		};
/* End PBXTargetDependency section */

/* Begin PBXVariantGroup section */
		850FC5291C453F7800E1F75D /* Main.storyboard */ = {
			isa = PBXVariantGroup;
			children = (
				850FC52A1C453F7800E1F75D /* Base */,
			);
			name = Main.storyboard;
			sourceTree = "<group>";
		};
		850FC52E1C453F7800E1F75D /* LaunchScreen.storyboard */ = {
			isa = PBXVariantGroup;
			children = (
				850FC52F1C453F7800E1F75D /* Base */,
			);
			name = LaunchScreen.storyboard;
			sourceTree = "<group>";
		};
		85572C531C49A6860003BE70 /* Localizable.strings */ = {
			isa = PBXVariantGroup;
			children = (
				85572C521C49A6860003BE70 /* Base */,
				85572C541C49A6B20003BE70 /* en */,
			);
			name = Localizable.strings;
			sourceTree = "<group>";
		};
/* End PBXVariantGroup section */

/* Begin XCBuildConfiguration section */
		850FC5171C453F5200E1F75D /* Debug */ = {
			isa = XCBuildConfiguration;
			buildSettings = {
				ALWAYS_SEARCH_USER_PATHS = NO;
				CLANG_CXX_LANGUAGE_STANDARD = "gnu++0x";
				CLANG_CXX_LIBRARY = "libc++";
				CLANG_ENABLE_MODULES = YES;
				CLANG_ENABLE_OBJC_ARC = YES;
				CLANG_WARN_BOOL_CONVERSION = YES;
				CLANG_WARN_CONSTANT_CONVERSION = YES;
				CLANG_WARN_DIRECT_OBJC_ISA_USAGE = YES_ERROR;
				CLANG_WARN_EMPTY_BODY = YES;
				CLANG_WARN_ENUM_CONVERSION = YES;
				CLANG_WARN_INT_CONVERSION = YES;
				CLANG_WARN_OBJC_ROOT_CLASS = YES_ERROR;
				CLANG_WARN_UNREACHABLE_CODE = YES;
				CLANG_WARN__DUPLICATE_METHOD_MATCH = YES;
				"CODE_SIGN_IDENTITY[sdk=iphoneos*]" = "iPhone Developer";
				COPY_PHASE_STRIP = NO;
				CURRENT_PROJECT_VERSION = 1;
				DEBUG_INFORMATION_FORMAT = dwarf;
				ENABLE_STRICT_OBJC_MSGSEND = YES;
				ENABLE_TESTABILITY = YES;
				GCC_C_LANGUAGE_STANDARD = gnu99;
				GCC_DYNAMIC_NO_PIC = NO;
				GCC_NO_COMMON_BLOCKS = YES;
				GCC_OPTIMIZATION_LEVEL = 0;
				GCC_PREPROCESSOR_DEFINITIONS = (
					"DEBUG=1",
					"$(inherited)",
				);
				GCC_WARN_64_TO_32_BIT_CONVERSION = YES;
				GCC_WARN_ABOUT_RETURN_TYPE = YES_ERROR;
				GCC_WARN_UNDECLARED_SELECTOR = YES;
				GCC_WARN_UNINITIALIZED_AUTOS = YES_AGGRESSIVE;
				GCC_WARN_UNUSED_FUNCTION = YES;
				GCC_WARN_UNUSED_VARIABLE = YES;
				IPHONEOS_DEPLOYMENT_TARGET = 9.2;
				MTL_ENABLE_DEBUG_INFO = YES;
				ONLY_ACTIVE_ARCH = YES;
				SDKROOT = iphoneos;
				SWIFT_OPTIMIZATION_LEVEL = "-Onone";
				TARGETED_DEVICE_FAMILY = "1,2";
				VERSIONING_SYSTEM = "apple-generic";
				VERSION_INFO_PREFIX = "";
			};
			name = Debug;
		};
		850FC5181C453F5200E1F75D /* Release */ = {
			isa = XCBuildConfiguration;
			buildSettings = {
				ALWAYS_SEARCH_USER_PATHS = NO;
				CLANG_CXX_LANGUAGE_STANDARD = "gnu++0x";
				CLANG_CXX_LIBRARY = "libc++";
				CLANG_ENABLE_MODULES = YES;
				CLANG_ENABLE_OBJC_ARC = YES;
				CLANG_WARN_BOOL_CONVERSION = YES;
				CLANG_WARN_CONSTANT_CONVERSION = YES;
				CLANG_WARN_DIRECT_OBJC_ISA_USAGE = YES_ERROR;
				CLANG_WARN_EMPTY_BODY = YES;
				CLANG_WARN_ENUM_CONVERSION = YES;
				CLANG_WARN_INT_CONVERSION = YES;
				CLANG_WARN_OBJC_ROOT_CLASS = YES_ERROR;
				CLANG_WARN_UNREACHABLE_CODE = YES;
				CLANG_WARN__DUPLICATE_METHOD_MATCH = YES;
				"CODE_SIGN_IDENTITY[sdk=iphoneos*]" = "iPhone Developer";
				COPY_PHASE_STRIP = NO;
				CURRENT_PROJECT_VERSION = 1;
				DEBUG_INFORMATION_FORMAT = "dwarf-with-dsym";
				ENABLE_NS_ASSERTIONS = NO;
				ENABLE_STRICT_OBJC_MSGSEND = YES;
				GCC_C_LANGUAGE_STANDARD = gnu99;
				GCC_NO_COMMON_BLOCKS = YES;
				GCC_WARN_64_TO_32_BIT_CONVERSION = YES;
				GCC_WARN_ABOUT_RETURN_TYPE = YES_ERROR;
				GCC_WARN_UNDECLARED_SELECTOR = YES;
				GCC_WARN_UNINITIALIZED_AUTOS = YES_AGGRESSIVE;
				GCC_WARN_UNUSED_FUNCTION = YES;
				GCC_WARN_UNUSED_VARIABLE = YES;
				IPHONEOS_DEPLOYMENT_TARGET = 9.2;
				MTL_ENABLE_DEBUG_INFO = NO;
				SDKROOT = iphoneos;
				TARGETED_DEVICE_FAMILY = "1,2";
				VALIDATE_PRODUCT = YES;
				VERSIONING_SYSTEM = "apple-generic";
				VERSION_INFO_PREFIX = "";
			};
			name = Release;
		};
		850FC51A1C453F5200E1F75D /* Debug */ = {
			isa = XCBuildConfiguration;
			baseConfigurationReference = ADDE32E06D1C7928212A4C76 /* Pods-SnapTagsView.debug.xcconfig */;
			buildSettings = {
				CLANG_ENABLE_MODULES = YES;
				DEFINES_MODULE = YES;
				DYLIB_COMPATIBILITY_VERSION = 1;
				DYLIB_CURRENT_VERSION = 1;
				DYLIB_INSTALL_NAME_BASE = "@rpath";
				INFOPLIST_FILE = SnapTagsView/Info.plist;
				INSTALL_PATH = "$(LOCAL_LIBRARY_DIR)/Frameworks";
				LD_RUNPATH_SEARCH_PATHS = "$(inherited) @executable_path/Frameworks @loader_path/Frameworks";
				PRODUCT_BUNDLE_IDENTIFIER = com.snapsale.SnapTagsView;
				PRODUCT_NAME = "$(TARGET_NAME)";
				SKIP_INSTALL = YES;
				SWIFT_OPTIMIZATION_LEVEL = "-Onone";
			};
			name = Debug;
		};
		850FC51B1C453F5200E1F75D /* Release */ = {
			isa = XCBuildConfiguration;
			baseConfigurationReference = AA4A08874CBC7A1E7CD3FA19 /* Pods-SnapTagsView.release.xcconfig */;
			buildSettings = {
				CLANG_ENABLE_MODULES = YES;
				DEFINES_MODULE = YES;
				DYLIB_COMPATIBILITY_VERSION = 1;
				DYLIB_CURRENT_VERSION = 1;
				DYLIB_INSTALL_NAME_BASE = "@rpath";
				INFOPLIST_FILE = SnapTagsView/Info.plist;
				INSTALL_PATH = "$(LOCAL_LIBRARY_DIR)/Frameworks";
				LD_RUNPATH_SEARCH_PATHS = "$(inherited) @executable_path/Frameworks @loader_path/Frameworks";
				PRODUCT_BUNDLE_IDENTIFIER = com.snapsale.SnapTagsView;
				PRODUCT_NAME = "$(TARGET_NAME)";
				SKIP_INSTALL = YES;
			};
			name = Release;
		};
		850FC51D1C453F5200E1F75D /* Debug */ = {
			isa = XCBuildConfiguration;
			baseConfigurationReference = 562F7EEEEF14114A83C5D0F7 /* Pods-SnapTagsViewTests.debug.xcconfig */;
			buildSettings = {
				CLANG_ENABLE_MODULES = YES;
				INFOPLIST_FILE = SnapTagsViewTests/Info.plist;
				LD_RUNPATH_SEARCH_PATHS = "$(inherited) @executable_path/Frameworks @loader_path/Frameworks";
				PRODUCT_BUNDLE_IDENTIFIER = com.snapsale.SnapTagsViewTests;
				PRODUCT_NAME = "$(TARGET_NAME)";
				SWIFT_OPTIMIZATION_LEVEL = "-Onone";
			};
			name = Debug;
		};
		850FC51E1C453F5200E1F75D /* Release */ = {
			isa = XCBuildConfiguration;
			baseConfigurationReference = 771DBC4DF57810C2A5C98628 /* Pods-SnapTagsViewTests.release.xcconfig */;
			buildSettings = {
				CLANG_ENABLE_MODULES = YES;
				INFOPLIST_FILE = SnapTagsViewTests/Info.plist;
				LD_RUNPATH_SEARCH_PATHS = "$(inherited) @executable_path/Frameworks @loader_path/Frameworks";
				PRODUCT_BUNDLE_IDENTIFIER = com.snapsale.SnapTagsViewTests;
				PRODUCT_NAME = "$(TARGET_NAME)";
			};
			name = Release;
		};
		850FC5331C453F7800E1F75D /* Debug */ = {
			isa = XCBuildConfiguration;
			baseConfigurationReference = D5AC5BD68EC0C15200F91549 /* Pods-Example.debug.xcconfig */;
			buildSettings = {
				ASSETCATALOG_COMPILER_APPICON_NAME = AppIcon;
				INFOPLIST_FILE = Example/Info.plist;
				LD_RUNPATH_SEARCH_PATHS = "$(inherited) @executable_path/Frameworks";
				PRODUCT_BUNDLE_IDENTIFIER = com.snapsale.snaptagsview.Example;
				PRODUCT_NAME = "$(TARGET_NAME)";
			};
			name = Debug;
		};
		850FC5341C453F7800E1F75D /* Release */ = {
			isa = XCBuildConfiguration;
			baseConfigurationReference = C064C84DA8E616C6834C0FA8 /* Pods-Example.release.xcconfig */;
			buildSettings = {
				ASSETCATALOG_COMPILER_APPICON_NAME = AppIcon;
				INFOPLIST_FILE = Example/Info.plist;
				LD_RUNPATH_SEARCH_PATHS = "$(inherited) @executable_path/Frameworks";
				PRODUCT_BUNDLE_IDENTIFIER = com.snapsale.snaptagsview.Example;
				PRODUCT_NAME = "$(TARGET_NAME)";
			};
			name = Release;
		};
/* End XCBuildConfiguration section */

/* Begin XCConfigurationList section */
		850FC4FF1C453F5200E1F75D /* Build configuration list for PBXProject "SnapTagsView" */ = {
			isa = XCConfigurationList;
			buildConfigurations = (
				850FC5171C453F5200E1F75D /* Debug */,
				850FC5181C453F5200E1F75D /* Release */,
			);
			defaultConfigurationIsVisible = 0;
			defaultConfigurationName = Release;
		};
		850FC5191C453F5200E1F75D /* Build configuration list for PBXNativeTarget "SnapTagsView" */ = {
			isa = XCConfigurationList;
			buildConfigurations = (
				850FC51A1C453F5200E1F75D /* Debug */,
				850FC51B1C453F5200E1F75D /* Release */,
			);
			defaultConfigurationIsVisible = 0;
			defaultConfigurationName = Release;
		};
		850FC51C1C453F5200E1F75D /* Build configuration list for PBXNativeTarget "SnapTagsViewTests" */ = {
			isa = XCConfigurationList;
			buildConfigurations = (
				850FC51D1C453F5200E1F75D /* Debug */,
				850FC51E1C453F5200E1F75D /* Release */,
			);
			defaultConfigurationIsVisible = 0;
			defaultConfigurationName = Release;
		};
		850FC5321C453F7800E1F75D /* Build configuration list for PBXNativeTarget "Example" */ = {
			isa = XCConfigurationList;
			buildConfigurations = (
				850FC5331C453F7800E1F75D /* Debug */,
				850FC5341C453F7800E1F75D /* Release */,
			);
			defaultConfigurationIsVisible = 0;
			defaultConfigurationName = Release;
		};
/* End XCConfigurationList section */
	};
	rootObject = 850FC4FC1C453F5200E1F75D /* Project object */;
}
